<?xml version="1.0" encoding="UTF-8"?>
<!DOCTYPE plist PUBLIC "-//Apple//DTD PLIST 1.0//EN" "http://www.apple.com/DTDs/PropertyList-1.0.dtd">
<plist version="1.0">
<dict>
	<key>archiveVersion</key>
	<string>1</string>
	<key>classes</key>
	<dict/>
	<key>objectVersion</key>
	<string>46</string>
	<key>objects</key>
	<dict>
		<key>38F10891C292436D91CD177E</key>
		<dict>
			<key>includeInIndex</key>
			<string>1</string>
			<key>isa</key>
			<string>PBXFileReference</string>
			<key>lastKnownFileType</key>
			<string>text.xcconfig</string>
			<key>name</key>
			<string>Pods.xcconfig</string>
			<key>path</key>
			<string>Pods/Pods.xcconfig</string>
			<key>sourceTree</key>
			<string>&lt;group&gt;</string>
		</dict>
		<key>42E92AC9DCE046CF9932E997</key>
		<dict>
			<key>buildActionMask</key>
			<string>2147483647</string>
			<key>files</key>
			<array/>
			<key>inputPaths</key>
			<array/>
			<key>isa</key>
			<string>PBXShellScriptBuildPhase</string>
			<key>name</key>
			<string>Copy Pods Resources</string>
			<key>outputPaths</key>
			<array/>
			<key>runOnlyForDeploymentPostprocessing</key>
			<string>0</string>
			<key>shellPath</key>
			<string>/bin/sh</string>
			<key>shellScript</key>
			<string>"${SRCROOT}/Pods/Pods-resources.sh"
</string>
			<key>showEnvVarsInLog</key>
			<string>0</string>
		</dict>
		<key>5DBD92E2AB7149D0B4809ED1</key>
		<dict>
			<key>fileRef</key>
			<string>CC034DB9398C42268D58D442</string>
			<key>isa</key>
			<string>PBXBuildFile</string>
		</dict>
		<key>6A061C6C1868459900462A3B</key>
		<dict>
			<key>children</key>
			<array>
				<string>6A061C7E1868459A00462A3B</string>
				<string>6A061C9D1868459A00462A3B</string>
				<string>6A061C771868459A00462A3B</string>
				<string>6A061C761868459A00462A3B</string>
				<string>38F10891C292436D91CD177E</string>
			</array>
			<key>isa</key>
			<string>PBXGroup</string>
			<key>sourceTree</key>
			<string>&lt;group&gt;</string>
		</dict>
		<key>6A061C6D1868459900462A3B</key>
		<dict>
			<key>attributes</key>
			<dict>
				<key>CLASSPREFIX</key>
				<string>AK</string>
				<key>LastUpgradeCheck</key>
				<string>0500</string>
				<key>ORGANIZATIONNAME</key>
				<string>Brilliant Consulting Inc.</string>
				<key>TargetAttributes</key>
				<dict>
					<key>6A061C951868459A00462A3B</key>
					<dict>
						<key>TestTargetID</key>
						<string>6A061C741868459A00462A3B</string>
					</dict>
				</dict>
			</dict>
			<key>buildConfigurationList</key>
			<string>6A061C701868459900462A3B</string>
			<key>compatibilityVersion</key>
			<string>Xcode 3.2</string>
			<key>developmentRegion</key>
			<string>English</string>
			<key>hasScannedForEncodings</key>
			<string>0</string>
			<key>isa</key>
			<string>PBXProject</string>
			<key>knownRegions</key>
			<array>
				<string>en</string>
				<string>Base</string>
			</array>
			<key>mainGroup</key>
			<string>6A061C6C1868459900462A3B</string>
			<key>productRefGroup</key>
			<string>6A061C761868459A00462A3B</string>
			<key>projectDirPath</key>
			<string></string>
			<key>projectReferences</key>
			<array/>
			<key>projectRoot</key>
			<string></string>
			<key>targets</key>
			<array>
				<string>6A061C741868459A00462A3B</string>
				<string>6A061C951868459A00462A3B</string>
			</array>
		</dict>
		<key>6A061C701868459900462A3B</key>
		<dict>
			<key>buildConfigurations</key>
			<array>
				<string>6A061CA51868459A00462A3B</string>
				<string>6A061CA61868459A00462A3B</string>
			</array>
			<key>defaultConfigurationIsVisible</key>
			<string>0</string>
			<key>defaultConfigurationName</key>
			<string>Release</string>
			<key>isa</key>
			<string>XCConfigurationList</string>
		</dict>
		<key>6A061C711868459A00462A3B</key>
		<dict>
			<key>buildActionMask</key>
			<string>2147483647</string>
			<key>files</key>
			<array>
				<string>6A061C891868459A00462A3B</string>
				<string>6A061C8F1868459A00462A3B</string>
				<string>6A061C851868459A00462A3B</string>
			</array>
			<key>isa</key>
			<string>PBXSourcesBuildPhase</string>
			<key>runOnlyForDeploymentPostprocessing</key>
			<string>0</string>
		</dict>
		<key>6A061C721868459A00462A3B</key>
		<dict>
			<key>buildActionMask</key>
			<string>2147483647</string>
			<key>files</key>
			<array>
				<string>6A061CB0186845BD00462A3B</string>
				<string>6A061CAE186845AF00462A3B</string>
				<string>6A061C7B1868459A00462A3B</string>
				<string>6A061C7D1868459A00462A3B</string>
				<string>6A061C791868459A00462A3B</string>
				<string>5DBD92E2AB7149D0B4809ED1</string>
			</array>
			<key>isa</key>
			<string>PBXFrameworksBuildPhase</string>
			<key>runOnlyForDeploymentPostprocessing</key>
			<string>0</string>
		</dict>
		<key>6A061C731868459A00462A3B</key>
		<dict>
			<key>buildActionMask</key>
			<string>2147483647</string>
			<key>files</key>
			<array>
				<string>6A061C911868459A00462A3B</string>
				<string>6A061C831868459A00462A3B</string>
				<string>6A061C8C1868459A00462A3B</string>
			</array>
			<key>isa</key>
			<string>PBXResourcesBuildPhase</string>
			<key>runOnlyForDeploymentPostprocessing</key>
			<string>0</string>
		</dict>
		<key>6A061C741868459A00462A3B</key>
		<dict>
			<key>buildConfigurationList</key>
			<string>6A061CA71868459A00462A3B</string>
			<key>buildPhases</key>
			<array>
				<string>F91B73EE17674B22A05E9395</string>
				<string>6A061C711868459A00462A3B</string>
				<string>6A061C721868459A00462A3B</string>
				<string>6A061C731868459A00462A3B</string>
				<string>42E92AC9DCE046CF9932E997</string>
			</array>
			<key>buildRules</key>
			<array/>
			<key>dependencies</key>
			<array/>
			<key>isa</key>
			<string>PBXNativeTarget</string>
			<key>name</key>
			<string>RestKitBoilerplate</string>
			<key>productName</key>
			<string>RestKitBoilerplate</string>
			<key>productReference</key>
			<string>6A061C751868459A00462A3B</string>
			<key>productType</key>
			<string>com.apple.product-type.application</string>
		</dict>
		<key>6A061C751868459A00462A3B</key>
		<dict>
			<key>explicitFileType</key>
			<string>wrapper.application</string>
			<key>includeInIndex</key>
			<string>0</string>
			<key>isa</key>
			<string>PBXFileReference</string>
			<key>path</key>
			<string>RestKitBoilerplate.app</string>
			<key>sourceTree</key>
			<string>BUILT_PRODUCTS_DIR</string>
		</dict>
		<key>6A061C761868459A00462A3B</key>
		<dict>
			<key>children</key>
			<array>
				<string>6A061C751868459A00462A3B</string>
				<string>6A061C961868459A00462A3B</string>
			</array>
			<key>isa</key>
			<string>PBXGroup</string>
			<key>name</key>
			<string>Products</string>
			<key>sourceTree</key>
			<string>&lt;group&gt;</string>
		</dict>
		<key>6A061C771868459A00462A3B</key>
		<dict>
			<key>children</key>
			<array>
				<string>6A061CAF186845BD00462A3B</string>
				<string>6A061CAD186845AF00462A3B</string>
				<string>6A061C781868459A00462A3B</string>
				<string>6A061C7A1868459A00462A3B</string>
				<string>6A061C7C1868459A00462A3B</string>
				<string>6A061C971868459A00462A3B</string>
				<string>CC034DB9398C42268D58D442</string>
			</array>
			<key>isa</key>
			<string>PBXGroup</string>
			<key>name</key>
			<string>Frameworks</string>
			<key>sourceTree</key>
			<string>&lt;group&gt;</string>
		</dict>
		<key>6A061C781868459A00462A3B</key>
		<dict>
			<key>isa</key>
			<string>PBXFileReference</string>
			<key>lastKnownFileType</key>
			<string>wrapper.framework</string>
			<key>name</key>
			<string>Foundation.framework</string>
			<key>path</key>
			<string>System/Library/Frameworks/Foundation.framework</string>
			<key>sourceTree</key>
			<string>SDKROOT</string>
		</dict>
		<key>6A061C791868459A00462A3B</key>
		<dict>
			<key>fileRef</key>
			<string>6A061C781868459A00462A3B</string>
			<key>isa</key>
			<string>PBXBuildFile</string>
		</dict>
		<key>6A061C7A1868459A00462A3B</key>
		<dict>
			<key>isa</key>
			<string>PBXFileReference</string>
			<key>lastKnownFileType</key>
			<string>wrapper.framework</string>
			<key>name</key>
			<string>CoreGraphics.framework</string>
			<key>path</key>
			<string>System/Library/Frameworks/CoreGraphics.framework</string>
			<key>sourceTree</key>
			<string>SDKROOT</string>
		</dict>
		<key>6A061C7B1868459A00462A3B</key>
		<dict>
			<key>fileRef</key>
			<string>6A061C7A1868459A00462A3B</string>
			<key>isa</key>
			<string>PBXBuildFile</string>
		</dict>
		<key>6A061C7C1868459A00462A3B</key>
		<dict>
			<key>isa</key>
			<string>PBXFileReference</string>
			<key>lastKnownFileType</key>
			<string>wrapper.framework</string>
			<key>name</key>
			<string>UIKit.framework</string>
			<key>path</key>
			<string>System/Library/Frameworks/UIKit.framework</string>
			<key>sourceTree</key>
			<string>SDKROOT</string>
		</dict>
		<key>6A061C7D1868459A00462A3B</key>
		<dict>
			<key>fileRef</key>
			<string>6A061C7C1868459A00462A3B</string>
			<key>isa</key>
			<string>PBXBuildFile</string>
		</dict>
		<key>6A061C7E1868459A00462A3B</key>
		<dict>
			<key>children</key>
			<array>
				<string>6A061C871868459A00462A3B</string>
				<string>6A061C881868459A00462A3B</string>
				<string>6A061C8A1868459A00462A3B</string>
				<string>6A061C8D1868459A00462A3B</string>
				<string>6A061C8E1868459A00462A3B</string>
				<string>6A061C901868459A00462A3B</string>
				<string>6A061C7F1868459A00462A3B</string>
			</array>
			<key>isa</key>
			<string>PBXGroup</string>
			<key>path</key>
			<string>RestKitBoilerplate</string>
			<key>sourceTree</key>
			<string>&lt;group&gt;</string>
		</dict>
		<key>6A061C7F1868459A00462A3B</key>
		<dict>
			<key>children</key>
			<array>
				<string>6A061C801868459A00462A3B</string>
				<string>6A061C811868459A00462A3B</string>
				<string>6A061C841868459A00462A3B</string>
				<string>6A061C861868459A00462A3B</string>
			</array>
			<key>isa</key>
			<string>PBXGroup</string>
			<key>name</key>
			<string>Supporting Files</string>
			<key>sourceTree</key>
			<string>&lt;group&gt;</string>
		</dict>
		<key>6A061C801868459A00462A3B</key>
		<dict>
			<key>isa</key>
			<string>PBXFileReference</string>
			<key>lastKnownFileType</key>
			<string>text.plist.xml</string>
			<key>path</key>
			<string>RestKitBoilerplate-Info.plist</string>
			<key>sourceTree</key>
			<string>&lt;group&gt;</string>
		</dict>
		<key>6A061C811868459A00462A3B</key>
		<dict>
			<key>children</key>
			<array>
				<string>6A061C821868459A00462A3B</string>
			</array>
			<key>isa</key>
			<string>PBXVariantGroup</string>
			<key>name</key>
			<string>InfoPlist.strings</string>
			<key>sourceTree</key>
			<string>&lt;group&gt;</string>
		</dict>
		<key>6A061C821868459A00462A3B</key>
		<dict>
			<key>isa</key>
			<string>PBXFileReference</string>
			<key>lastKnownFileType</key>
			<string>text.plist.strings</string>
			<key>name</key>
			<string>en</string>
			<key>path</key>
			<string>en.lproj/InfoPlist.strings</string>
			<key>sourceTree</key>
			<string>&lt;group&gt;</string>
		</dict>
		<key>6A061C831868459A00462A3B</key>
		<dict>
			<key>fileRef</key>
			<string>6A061C811868459A00462A3B</string>
			<key>isa</key>
			<string>PBXBuildFile</string>
		</dict>
		<key>6A061C841868459A00462A3B</key>
		<dict>
			<key>isa</key>
			<string>PBXFileReference</string>
			<key>lastKnownFileType</key>
			<string>sourcecode.c.objc</string>
			<key>path</key>
			<string>main.m</string>
			<key>sourceTree</key>
			<string>&lt;group&gt;</string>
		</dict>
		<key>6A061C851868459A00462A3B</key>
		<dict>
			<key>fileRef</key>
			<string>6A061C841868459A00462A3B</string>
			<key>isa</key>
			<string>PBXBuildFile</string>
		</dict>
		<key>6A061C861868459A00462A3B</key>
		<dict>
			<key>isa</key>
			<string>PBXFileReference</string>
			<key>lastKnownFileType</key>
			<string>sourcecode.c.h</string>
			<key>path</key>
			<string>RestKitBoilerplate-Prefix.pch</string>
			<key>sourceTree</key>
			<string>&lt;group&gt;</string>
		</dict>
		<key>6A061C871868459A00462A3B</key>
		<dict>
			<key>isa</key>
			<string>PBXFileReference</string>
			<key>lastKnownFileType</key>
			<string>sourcecode.c.h</string>
			<key>path</key>
			<string>AKAppDelegate.h</string>
			<key>sourceTree</key>
			<string>&lt;group&gt;</string>
		</dict>
		<key>6A061C881868459A00462A3B</key>
		<dict>
			<key>isa</key>
			<string>PBXFileReference</string>
			<key>lastKnownFileType</key>
			<string>sourcecode.c.objc</string>
			<key>path</key>
			<string>AKAppDelegate.m</string>
			<key>sourceTree</key>
			<string>&lt;group&gt;</string>
		</dict>
		<key>6A061C891868459A00462A3B</key>
		<dict>
			<key>fileRef</key>
			<string>6A061C881868459A00462A3B</string>
			<key>isa</key>
			<string>PBXBuildFile</string>
		</dict>
		<key>6A061C8A1868459A00462A3B</key>
		<dict>
			<key>children</key>
			<array>
				<string>6A061C8B1868459A00462A3B</string>
			</array>
			<key>isa</key>
			<string>PBXVariantGroup</string>
			<key>name</key>
			<string>Main.storyboard</string>
			<key>sourceTree</key>
			<string>&lt;group&gt;</string>
		</dict>
		<key>6A061C8B1868459A00462A3B</key>
		<dict>
			<key>isa</key>
			<string>PBXFileReference</string>
			<key>lastKnownFileType</key>
			<string>file.storyboard</string>
			<key>name</key>
			<string>Base</string>
			<key>path</key>
			<string>Base.lproj/Main.storyboard</string>
			<key>sourceTree</key>
			<string>&lt;group&gt;</string>
		</dict>
		<key>6A061C8C1868459A00462A3B</key>
		<dict>
			<key>fileRef</key>
			<string>6A061C8A1868459A00462A3B</string>
			<key>isa</key>
			<string>PBXBuildFile</string>
		</dict>
		<key>6A061C8D1868459A00462A3B</key>
		<dict>
			<key>isa</key>
			<string>PBXFileReference</string>
			<key>lastKnownFileType</key>
			<string>sourcecode.c.h</string>
			<key>path</key>
			<string>AKViewController.h</string>
			<key>sourceTree</key>
			<string>&lt;group&gt;</string>
		</dict>
		<key>6A061C8E1868459A00462A3B</key>
		<dict>
			<key>isa</key>
			<string>PBXFileReference</string>
			<key>lastKnownFileType</key>
			<string>sourcecode.c.objc</string>
			<key>path</key>
			<string>AKViewController.m</string>
			<key>sourceTree</key>
			<string>&lt;group&gt;</string>
		</dict>
		<key>6A061C8F1868459A00462A3B</key>
		<dict>
			<key>fileRef</key>
			<string>6A061C8E1868459A00462A3B</string>
			<key>isa</key>
			<string>PBXBuildFile</string>
		</dict>
		<key>6A061C901868459A00462A3B</key>
		<dict>
			<key>isa</key>
			<string>PBXFileReference</string>
			<key>lastKnownFileType</key>
			<string>folder.assetcatalog</string>
			<key>path</key>
			<string>Images.xcassets</string>
			<key>sourceTree</key>
			<string>&lt;group&gt;</string>
		</dict>
		<key>6A061C911868459A00462A3B</key>
		<dict>
			<key>fileRef</key>
			<string>6A061C901868459A00462A3B</string>
			<key>isa</key>
			<string>PBXBuildFile</string>
		</dict>
		<key>6A061C921868459A00462A3B</key>
		<dict>
			<key>buildActionMask</key>
			<string>2147483647</string>
			<key>files</key>
			<array>
				<string>6A061CA41868459A00462A3B</string>
			</array>
			<key>isa</key>
			<string>PBXSourcesBuildPhase</string>
			<key>runOnlyForDeploymentPostprocessing</key>
			<string>0</string>
		</dict>
		<key>6A061C931868459A00462A3B</key>
		<dict>
			<key>buildActionMask</key>
			<string>2147483647</string>
			<key>files</key>
			<array>
				<string>6A061C981868459A00462A3B</string>
				<string>6A061C9A1868459A00462A3B</string>
				<string>6A061C991868459A00462A3B</string>
			</array>
			<key>isa</key>
			<string>PBXFrameworksBuildPhase</string>
			<key>runOnlyForDeploymentPostprocessing</key>
			<string>0</string>
		</dict>
		<key>6A061C941868459A00462A3B</key>
		<dict>
			<key>buildActionMask</key>
			<string>2147483647</string>
			<key>files</key>
			<array>
				<string>6A061CA21868459A00462A3B</string>
			</array>
			<key>isa</key>
			<string>PBXResourcesBuildPhase</string>
			<key>runOnlyForDeploymentPostprocessing</key>
			<string>0</string>
		</dict>
		<key>6A061C951868459A00462A3B</key>
		<dict>
			<key>buildConfigurationList</key>
			<string>6A061CAA1868459A00462A3B</string>
			<key>buildPhases</key>
			<array>
				<string>6A061C921868459A00462A3B</string>
				<string>6A061C931868459A00462A3B</string>
				<string>6A061C941868459A00462A3B</string>
			</array>
			<key>buildRules</key>
			<array/>
			<key>dependencies</key>
			<array>
				<string>6A061C9C1868459A00462A3B</string>
			</array>
			<key>isa</key>
			<string>PBXNativeTarget</string>
			<key>name</key>
			<string>RestKitBoilerplateTests</string>
			<key>productName</key>
			<string>RestKitBoilerplateTests</string>
			<key>productReference</key>
			<string>6A061C961868459A00462A3B</string>
			<key>productType</key>
			<string>com.apple.product-type.bundle.unit-test</string>
		</dict>
		<key>6A061C961868459A00462A3B</key>
		<dict>
			<key>explicitFileType</key>
			<string>wrapper.cfbundle</string>
			<key>includeInIndex</key>
			<string>0</string>
			<key>isa</key>
			<string>PBXFileReference</string>
			<key>path</key>
			<string>RestKitBoilerplateTests.xctest</string>
			<key>sourceTree</key>
			<string>BUILT_PRODUCTS_DIR</string>
		</dict>
		<key>6A061C971868459A00462A3B</key>
		<dict>
			<key>isa</key>
			<string>PBXFileReference</string>
			<key>lastKnownFileType</key>
			<string>wrapper.framework</string>
			<key>name</key>
			<string>XCTest.framework</string>
			<key>path</key>
			<string>Library/Frameworks/XCTest.framework</string>
			<key>sourceTree</key>
			<string>DEVELOPER_DIR</string>
		</dict>
		<key>6A061C981868459A00462A3B</key>
		<dict>
			<key>fileRef</key>
			<string>6A061C971868459A00462A3B</string>
			<key>isa</key>
			<string>PBXBuildFile</string>
		</dict>
		<key>6A061C991868459A00462A3B</key>
		<dict>
			<key>fileRef</key>
			<string>6A061C781868459A00462A3B</string>
			<key>isa</key>
			<string>PBXBuildFile</string>
		</dict>
		<key>6A061C9A1868459A00462A3B</key>
		<dict>
			<key>fileRef</key>
			<string>6A061C7C1868459A00462A3B</string>
			<key>isa</key>
			<string>PBXBuildFile</string>
		</dict>
		<key>6A061C9B1868459A00462A3B</key>
		<dict>
			<key>containerPortal</key>
			<string>6A061C6D1868459900462A3B</string>
			<key>isa</key>
			<string>PBXContainerItemProxy</string>
			<key>proxyType</key>
			<string>1</string>
			<key>remoteGlobalIDString</key>
			<string>6A061C741868459A00462A3B</string>
			<key>remoteInfo</key>
			<string>RestKitBoilerplate</string>
		</dict>
		<key>6A061C9C1868459A00462A3B</key>
		<dict>
			<key>isa</key>
			<string>PBXTargetDependency</string>
			<key>target</key>
			<string>6A061C741868459A00462A3B</string>
			<key>targetProxy</key>
			<string>6A061C9B1868459A00462A3B</string>
		</dict>
		<key>6A061C9D1868459A00462A3B</key>
		<dict>
			<key>children</key>
			<array>
				<string>6A061CA31868459A00462A3B</string>
				<string>6A061C9E1868459A00462A3B</string>
			</array>
			<key>isa</key>
			<string>PBXGroup</string>
			<key>path</key>
			<string>RestKitBoilerplateTests</string>
			<key>sourceTree</key>
			<string>&lt;group&gt;</string>
		</dict>
		<key>6A061C9E1868459A00462A3B</key>
		<dict>
			<key>children</key>
			<array>
				<string>6A061C9F1868459A00462A3B</string>
				<string>6A061CA01868459A00462A3B</string>
			</array>
			<key>isa</key>
			<string>PBXGroup</string>
			<key>name</key>
			<string>Supporting Files</string>
			<key>sourceTree</key>
			<string>&lt;group&gt;</string>
		</dict>
		<key>6A061C9F1868459A00462A3B</key>
		<dict>
			<key>isa</key>
			<string>PBXFileReference</string>
			<key>lastKnownFileType</key>
			<string>text.plist.xml</string>
			<key>path</key>
			<string>RestKitBoilerplateTests-Info.plist</string>
			<key>sourceTree</key>
			<string>&lt;group&gt;</string>
		</dict>
		<key>6A061CA01868459A00462A3B</key>
		<dict>
			<key>children</key>
			<array>
				<string>6A061CA11868459A00462A3B</string>
			</array>
			<key>isa</key>
			<string>PBXVariantGroup</string>
			<key>name</key>
			<string>InfoPlist.strings</string>
			<key>sourceTree</key>
			<string>&lt;group&gt;</string>
		</dict>
		<key>6A061CA11868459A00462A3B</key>
		<dict>
			<key>isa</key>
			<string>PBXFileReference</string>
			<key>lastKnownFileType</key>
			<string>text.plist.strings</string>
			<key>name</key>
			<string>en</string>
			<key>path</key>
			<string>en.lproj/InfoPlist.strings</string>
			<key>sourceTree</key>
			<string>&lt;group&gt;</string>
		</dict>
		<key>6A061CA21868459A00462A3B</key>
		<dict>
			<key>fileRef</key>
			<string>6A061CA01868459A00462A3B</string>
			<key>isa</key>
			<string>PBXBuildFile</string>
		</dict>
		<key>6A061CA31868459A00462A3B</key>
		<dict>
			<key>isa</key>
			<string>PBXFileReference</string>
			<key>lastKnownFileType</key>
			<string>sourcecode.c.objc</string>
			<key>path</key>
			<string>RestKitBoilerplateTests.m</string>
			<key>sourceTree</key>
			<string>&lt;group&gt;</string>
		</dict>
		<key>6A061CA41868459A00462A3B</key>
		<dict>
			<key>fileRef</key>
			<string>6A061CA31868459A00462A3B</string>
			<key>isa</key>
			<string>PBXBuildFile</string>
		</dict>
		<key>6A061CA51868459A00462A3B</key>
		<dict>
			<key>buildSettings</key>
			<dict>
				<key>ALWAYS_SEARCH_USER_PATHS</key>
				<string>NO</string>
				<key>ARCHS</key>
				<string>$(ARCHS_STANDARD_INCLUDING_64_BIT)</string>
				<key>CLANG_CXX_LANGUAGE_STANDARD</key>
				<string>gnu++0x</string>
				<key>CLANG_CXX_LIBRARY</key>
				<string>libc++</string>
				<key>CLANG_ENABLE_MODULES</key>
				<string>YES</string>
				<key>CLANG_ENABLE_OBJC_ARC</key>
				<string>YES</string>
				<key>CLANG_WARN_BOOL_CONVERSION</key>
				<string>YES</string>
				<key>CLANG_WARN_CONSTANT_CONVERSION</key>
				<string>YES</string>
				<key>CLANG_WARN_DIRECT_OBJC_ISA_USAGE</key>
				<string>YES_ERROR</string>
				<key>CLANG_WARN_EMPTY_BODY</key>
				<string>YES</string>
				<key>CLANG_WARN_ENUM_CONVERSION</key>
				<string>YES</string>
				<key>CLANG_WARN_INT_CONVERSION</key>
				<string>YES</string>
				<key>CLANG_WARN_OBJC_ROOT_CLASS</key>
				<string>YES_ERROR</string>
				<key>CLANG_WARN__DUPLICATE_METHOD_MATCH</key>
				<string>YES</string>
				<key>CODE_SIGN_IDENTITY[sdk=iphoneos*]</key>
				<string>iPhone Developer</string>
				<key>COPY_PHASE_STRIP</key>
				<string>NO</string>
				<key>GCC_C_LANGUAGE_STANDARD</key>
				<string>gnu99</string>
				<key>GCC_DYNAMIC_NO_PIC</key>
				<string>NO</string>
				<key>GCC_OPTIMIZATION_LEVEL</key>
				<string>0</string>
				<key>GCC_PREPROCESSOR_DEFINITIONS</key>
				<array>
					<string>DEBUG=1</string>
					<string>$(inherited)</string>
				</array>
				<key>GCC_SYMBOLS_PRIVATE_EXTERN</key>
				<string>NO</string>
				<key>GCC_WARN_64_TO_32_BIT_CONVERSION</key>
				<string>YES</string>
				<key>GCC_WARN_ABOUT_RETURN_TYPE</key>
				<string>YES_ERROR</string>
				<key>GCC_WARN_UNDECLARED_SELECTOR</key>
				<string>YES</string>
				<key>GCC_WARN_UNINITIALIZED_AUTOS</key>
				<string>YES</string>
				<key>GCC_WARN_UNUSED_FUNCTION</key>
				<string>YES</string>
				<key>GCC_WARN_UNUSED_VARIABLE</key>
				<string>YES</string>
				<key>IPHONEOS_DEPLOYMENT_TARGET</key>
				<string>7.0</string>
				<key>ONLY_ACTIVE_ARCH</key>
				<string>YES</string>
				<key>SDKROOT</key>
				<string>iphoneos</string>
			</dict>
			<key>isa</key>
			<string>XCBuildConfiguration</string>
			<key>name</key>
			<string>Debug</string>
		</dict>
		<key>6A061CA61868459A00462A3B</key>
		<dict>
			<key>buildSettings</key>
			<dict>
				<key>ALWAYS_SEARCH_USER_PATHS</key>
				<string>NO</string>
				<key>ARCHS</key>
				<string>$(ARCHS_STANDARD_INCLUDING_64_BIT)</string>
				<key>CLANG_CXX_LANGUAGE_STANDARD</key>
				<string>gnu++0x</string>
				<key>CLANG_CXX_LIBRARY</key>
				<string>libc++</string>
				<key>CLANG_ENABLE_MODULES</key>
				<string>YES</string>
				<key>CLANG_ENABLE_OBJC_ARC</key>
				<string>YES</string>
				<key>CLANG_WARN_BOOL_CONVERSION</key>
				<string>YES</string>
				<key>CLANG_WARN_CONSTANT_CONVERSION</key>
				<string>YES</string>
				<key>CLANG_WARN_DIRECT_OBJC_ISA_USAGE</key>
				<string>YES_ERROR</string>
				<key>CLANG_WARN_EMPTY_BODY</key>
				<string>YES</string>
				<key>CLANG_WARN_ENUM_CONVERSION</key>
				<string>YES</string>
				<key>CLANG_WARN_INT_CONVERSION</key>
				<string>YES</string>
				<key>CLANG_WARN_OBJC_ROOT_CLASS</key>
				<string>YES_ERROR</string>
				<key>CLANG_WARN__DUPLICATE_METHOD_MATCH</key>
				<string>YES</string>
				<key>CODE_SIGN_IDENTITY[sdk=iphoneos*]</key>
				<string>iPhone Developer</string>
				<key>COPY_PHASE_STRIP</key>
				<string>YES</string>
				<key>ENABLE_NS_ASSERTIONS</key>
				<string>NO</string>
				<key>GCC_C_LANGUAGE_STANDARD</key>
				<string>gnu99</string>
				<key>GCC_WARN_64_TO_32_BIT_CONVERSION</key>
				<string>YES</string>
				<key>GCC_WARN_ABOUT_RETURN_TYPE</key>
				<string>YES_ERROR</string>
				<key>GCC_WARN_UNDECLARED_SELECTOR</key>
				<string>YES</string>
				<key>GCC_WARN_UNINITIALIZED_AUTOS</key>
				<string>YES</string>
				<key>GCC_WARN_UNUSED_FUNCTION</key>
				<string>YES</string>
				<key>GCC_WARN_UNUSED_VARIABLE</key>
				<string>YES</string>
				<key>IPHONEOS_DEPLOYMENT_TARGET</key>
				<string>7.0</string>
				<key>SDKROOT</key>
				<string>iphoneos</string>
				<key>VALIDATE_PRODUCT</key>
				<string>YES</string>
			</dict>
			<key>isa</key>
			<string>XCBuildConfiguration</string>
			<key>name</key>
			<string>Release</string>
		</dict>
		<key>6A061CA71868459A00462A3B</key>
		<dict>
			<key>buildConfigurations</key>
			<array>
				<string>6A061CA81868459A00462A3B</string>
				<string>6A061CA91868459A00462A3B</string>
			</array>
			<key>defaultConfigurationIsVisible</key>
			<string>0</string>
			<key>isa</key>
			<string>XCConfigurationList</string>
		</dict>
		<key>6A061CA81868459A00462A3B</key>
		<dict>
			<key>baseConfigurationReference</key>
			<string>38F10891C292436D91CD177E</string>
			<key>buildSettings</key>
			<dict>
				<key>ASSETCATALOG_COMPILER_APPICON_NAME</key>
				<string>AppIcon</string>
				<key>ASSETCATALOG_COMPILER_LAUNCHIMAGE_NAME</key>
				<string>LaunchImage</string>
				<key>GCC_PRECOMPILE_PREFIX_HEADER</key>
				<string>YES</string>
				<key>GCC_PREFIX_HEADER</key>
				<string>RestKitBoilerplate/RestKitBoilerplate-Prefix.pch</string>
				<key>INFOPLIST_FILE</key>
				<string>RestKitBoilerplate/RestKitBoilerplate-Info.plist</string>
				<key>PRODUCT_NAME</key>
				<string>$(TARGET_NAME)</string>
				<key>WRAPPER_EXTENSION</key>
				<string>app</string>
			</dict>
			<key>isa</key>
			<string>XCBuildConfiguration</string>
			<key>name</key>
			<string>Debug</string>
		</dict>
		<key>6A061CA91868459A00462A3B</key>
		<dict>
			<key>baseConfigurationReference</key>
			<string>38F10891C292436D91CD177E</string>
			<key>buildSettings</key>
			<dict>
				<key>ASSETCATALOG_COMPILER_APPICON_NAME</key>
				<string>AppIcon</string>
				<key>ASSETCATALOG_COMPILER_LAUNCHIMAGE_NAME</key>
				<string>LaunchImage</string>
				<key>GCC_PRECOMPILE_PREFIX_HEADER</key>
				<string>YES</string>
				<key>GCC_PREFIX_HEADER</key>
				<string>RestKitBoilerplate/RestKitBoilerplate-Prefix.pch</string>
				<key>INFOPLIST_FILE</key>
				<string>RestKitBoilerplate/RestKitBoilerplate-Info.plist</string>
				<key>PRODUCT_NAME</key>
				<string>$(TARGET_NAME)</string>
				<key>WRAPPER_EXTENSION</key>
				<string>app</string>
			</dict>
			<key>isa</key>
			<string>XCBuildConfiguration</string>
			<key>name</key>
			<string>Release</string>
		</dict>
		<key>6A061CAA1868459A00462A3B</key>
		<dict>
			<key>buildConfigurations</key>
			<array>
				<string>6A061CAB1868459A00462A3B</string>
				<string>6A061CAC1868459A00462A3B</string>
			</array>
			<key>defaultConfigurationIsVisible</key>
			<string>0</string>
			<key>isa</key>
			<string>XCConfigurationList</string>
		</dict>
		<key>6A061CAB1868459A00462A3B</key>
		<dict>
			<key>buildSettings</key>
			<dict>
				<key>ARCHS</key>
				<string>$(ARCHS_STANDARD_INCLUDING_64_BIT)</string>
				<key>BUNDLE_LOADER</key>
				<string>$(BUILT_PRODUCTS_DIR)/RestKitBoilerplate.app/RestKitBoilerplate</string>
				<key>FRAMEWORK_SEARCH_PATHS</key>
				<array>
					<string>$(SDKROOT)/Developer/Library/Frameworks</string>
					<string>$(inherited)</string>
					<string>$(DEVELOPER_FRAMEWORKS_DIR)</string>
				</array>
				<key>GCC_PRECOMPILE_PREFIX_HEADER</key>
				<string>YES</string>
				<key>GCC_PREFIX_HEADER</key>
				<string>RestKitBoilerplate/RestKitBoilerplate-Prefix.pch</string>
				<key>GCC_PREPROCESSOR_DEFINITIONS</key>
				<array>
					<string>DEBUG=1</string>
					<string>$(inherited)</string>
				</array>
				<key>INFOPLIST_FILE</key>
				<string>RestKitBoilerplateTests/RestKitBoilerplateTests-Info.plist</string>
				<key>PRODUCT_NAME</key>
				<string>$(TARGET_NAME)</string>
				<key>TEST_HOST</key>
				<string>$(BUNDLE_LOADER)</string>
				<key>WRAPPER_EXTENSION</key>
				<string>xctest</string>
			</dict>
			<key>isa</key>
			<string>XCBuildConfiguration</string>
			<key>name</key>
			<string>Debug</string>
		</dict>
		<key>6A061CAC1868459A00462A3B</key>
		<dict>
			<key>buildSettings</key>
			<dict>
				<key>ARCHS</key>
				<string>$(ARCHS_STANDARD_INCLUDING_64_BIT)</string>
				<key>BUNDLE_LOADER</key>
				<string>$(BUILT_PRODUCTS_DIR)/RestKitBoilerplate.app/RestKitBoilerplate</string>
				<key>FRAMEWORK_SEARCH_PATHS</key>
				<array>
					<string>$(SDKROOT)/Developer/Library/Frameworks</string>
					<string>$(inherited)</string>
					<string>$(DEVELOPER_FRAMEWORKS_DIR)</string>
				</array>
				<key>GCC_PRECOMPILE_PREFIX_HEADER</key>
				<string>YES</string>
				<key>GCC_PREFIX_HEADER</key>
				<string>RestKitBoilerplate/RestKitBoilerplate-Prefix.pch</string>
				<key>INFOPLIST_FILE</key>
				<string>RestKitBoilerplateTests/RestKitBoilerplateTests-Info.plist</string>
				<key>PRODUCT_NAME</key>
				<string>$(TARGET_NAME)</string>
				<key>TEST_HOST</key>
				<string>$(BUNDLE_LOADER)</string>
				<key>WRAPPER_EXTENSION</key>
				<string>xctest</string>
			</dict>
			<key>isa</key>
			<string>XCBuildConfiguration</string>
			<key>name</key>
			<string>Release</string>
		</dict>
		<key>6A061CAD186845AF00462A3B</key>
		<dict>
			<key>isa</key>
			<string>PBXFileReference</string>
			<key>lastKnownFileType</key>
			<string>wrapper.framework</string>
			<key>name</key>
			<string>MobileCoreServices.framework</string>
			<key>path</key>
			<string>System/Library/Frameworks/MobileCoreServices.framework</string>
			<key>sourceTree</key>
			<string>SDKROOT</string>
		</dict>
		<key>6A061CAE186845AF00462A3B</key>
		<dict>
			<key>fileRef</key>
			<string>6A061CAD186845AF00462A3B</string>
			<key>isa</key>
			<string>PBXBuildFile</string>
		</dict>
		<key>6A061CAF186845BD00462A3B</key>
		<dict>
			<key>isa</key>
			<string>PBXFileReference</string>
			<key>lastKnownFileType</key>
			<string>wrapper.framework</string>
			<key>name</key>
			<string>SystemConfiguration.framework</string>
			<key>path</key>
			<string>System/Library/Frameworks/SystemConfiguration.framework</string>
			<key>sourceTree</key>
			<string>SDKROOT</string>
		</dict>
		<key>6A061CB0186845BD00462A3B</key>
		<dict>
			<key>fileRef</key>
			<string>6A061CAF186845BD00462A3B</string>
			<key>isa</key>
			<string>PBXBuildFile</string>
		</dict>
		<key>CC034DB9398C42268D58D442</key>
		<dict>
			<key>explicitFileType</key>
			<string>archive.ar</string>
			<key>includeInIndex</key>
			<string>0</string>
			<key>isa</key>
			<string>PBXFileReference</string>
			<key>path</key>
			<string>libPods.a</string>
			<key>sourceTree</key>
			<string>BUILT_PRODUCTS_DIR</string>
		</dict>
		<key>F91B73EE17674B22A05E9395</key>
		<dict>
			<key>buildActionMask</key>
			<string>2147483647</string>
			<key>files</key>
			<array/>
			<key>inputPaths</key>
			<array/>
			<key>isa</key>
			<string>PBXShellScriptBuildPhase</string>
			<key>name</key>
			<string>Check Pods Manifest.lock</string>
			<key>outputPaths</key>
			<array/>
			<key>runOnlyForDeploymentPostprocessing</key>
			<string>0</string>
			<key>shellPath</key>
			<string>/bin/sh</string>
			<key>shellScript</key>
			<string>diff "${PODS_ROOT}/../Podfile.lock" "${PODS_ROOT}/Manifest.lock" &gt; /dev/null
if [[ $? != 0 ]] ; then
    cat &lt;&lt; EOM
error: The sandbox is not in sync with the Podfile.lock. Run 'pod install' or update your CocoaPods installation.
EOM
    exit 1
fi
</string>
			<key>showEnvVarsInLog</key>
			<string>0</string>
		</dict>
	</dict>
	<key>rootObject</key>
	<string>6A061C6D1868459900462A3B</string>
</dict>
</plist>
